
Microsoft Visual Studio Solution File, Format Version 12.00
# Visual Studio Version 16
VisualStudioVersion = 16.0.31321.278
MinimumVisualStudioVersion = 10.0.40219.1
Project("{FAE04EC0-301F-11D3-BF4B-00C04F79EFBC}") = "HTMLHelpers", "HTMLHelpers\HTMLHelpers.csproj", "{962E27EF-1D56-471B-BBCF-6CF2737B33A6}"
EndProject
Global
	GlobalSection(SolutionConfigurationPlatforms) = preSolution
		Debug|Any CPU = Debug|Any CPU
		Release|Any CPU = Release|Any CPU
	EndGlobalSection
	GlobalSection(ProjectConfigurationPlatforms) = postSolution
		{962E27EF-1D56-471B-BBCF-6CF2737B33A6}.Debug|Any CPU.ActiveCfg = Debug|Any CPU
		{962E27EF-1D56-471B-BBCF-6CF2737B33A6}.Debug|Any CPU.Build.0 = Debug|Any CPU
		{962E27EF-1D56-471B-BBCF-6CF2737B33A6}.Release|Any CPU.ActiveCfg = Release|Any CPU
		{962E27EF-1D56-471B-BBCF-6CF2737B33A6}.Release|Any CPU.Build.0 = Release|Any CPU
	EndGlobalSection
	GlobalSection(SolutionProperties) = preSolution
		HideSolutionNode = FALSE
	EndGlobalSection
	GlobalSection(ExtensibilityGlobals) = postSolution
		SolutionGuid = {B6BFE37F-27EC-40D3-83E9-09C365D4D122}
	EndGlobalSection
EndGlobal
